
Microsoft Visual Studio Solution File, Format Version 12.00
# Visual Studio Version 17
VisualStudioVersion = 17.11.35327.3
MinimumVisualStudioVersion = 10.0.40219.1
Project("{FAE04EC0-301F-11D3-BF4B-00C04F79EFBC}") = "Proyecto1", "Proyecto1\Proyecto1.csproj", "{B8468E93-37AA-4D10-94ED-EE8A31D883BF}"
EndProject
Global
	GlobalSection(SolutionConfigurationPlatforms) = preSolution
		Debug|Any CPU = Debug|Any CPU
		Release|Any CPU = Release|Any CPU
	EndGlobalSection
	GlobalSection(ProjectConfigurationPlatforms) = postSolution
		{B8468E93-37AA-4D10-94ED-EE8A31D883BF}.Debug|Any CPU.ActiveCfg = Debug|Any CPU
		{B8468E93-37AA-4D10-94ED-EE8A31D883BF}.Debug|Any CPU.Build.0 = Debug|Any CPU
		{B8468E93-37AA-4D10-94ED-EE8A31D883BF}.Release|Any CPU.ActiveCfg = Release|Any CPU
		{B8468E93-37AA-4D10-94ED-EE8A31D883BF}.Release|Any CPU.Build.0 = Release|Any CPU
	EndGlobalSection
	GlobalSection(SolutionProperties) = preSolution
		HideSolutionNode = FALSE
	EndGlobalSection
	GlobalSection(ExtensibilityGlobals) = postSolution
		SolutionGuid = {1D197021-20EF-41B6-88CB-CFA8B63C783D}
	EndGlobalSection
EndGlobal
